dependencies:
- name: brandonbank-common
  repository: file://../../brandonbank-common
  version: 0.1.0
- name: configserver
  repository: file://../../brandonbank-services/configserver
  version: 0.1.0
- name: eurekaserver
  repository: file://../../brandonbank-services/eurekaserver
  version: 0.1.0
- name: accounts
  repository: file://../../brandonbank-services/accounts
  version: 0.1.0
- name: accountsdb
  repository: file://../../brandonbank-services/accountsdb
  version: 0.1.0
- name: cards
  repository: file://../../brandonbank-services/cards
  version: 0.1.0
- name: cardsdb
  repository: file://../../brandonbank-services/cardsdb
  version: 0.1.0
- name: loans
  repository: file://../../brandonbank-services/loans
  version: 0.1.0
- name: loansdb
  repository: file://../../brandonbank-services/loansdb
  version: 0.1.0
- name: gatewayserver
  repository: file://../../brandonbank-services/gatewayserver
  version: 0.1.0
- name: message
  repository: file://../../brandonbank-services/message
  version: 0.1.0
digest: sha256:d1d37f3ea4a14751ea32f99d9fa892446ffebd6400aac859c05e1a2aa2145e94
generated: "2026-04-19T20:51:49.4045319+08:00"
