dependencies:
- name: brandonbank-common
  repository: file://../../brandonbank-common
  version: 0.1.0
- name: configserver
  repository: file://../../brandonbank-services/configserver
  version: 0.1.0
- name: eurekaserver
  repository: file://../../brandonbank-services/eurekaserver
  version: 0.1.0
- name: accounts
  repository: file://../../brandonbank-services/accounts
  version: 0.1.0
- name: accountsdb
  repository: file://../../brandonbank-services/accountsdb
  version: 0.1.0
- name: cards
  repository: file://../../brandonbank-services/cards
  version: 0.1.0
- name: cardsdb
  repository: file://../../brandonbank-services/cardsdb
  version: 0.1.0
- name: loans
  repository: file://../../brandonbank-services/loans
  version: 0.1.0
- name: loansdb
  repository: file://../../brandonbank-services/loansdb
  version: 0.1.0
- name: gatewayserver
  repository: file://../../brandonbank-services/gatewayserver
  version: 0.1.0
- name: message
  repository: file://../../brandonbank-services/message
  version: 0.1.0
- name: grafana
  repository: file://../../grafana
  version: 1.0.0
- name: grafana-alloy
  repository: file://../../grafana-alloy
  version: 1.0.0
- name: grafana-loki
  repository: file://../../grafana-loki
  version: 1.0.0
- name: grafana-tempo
  repository: file://../../grafana-tempo
  version: 1.0.0
- name: kafka
  repository: file://../../kafka
  version: 1.0.0
- name: keycloak
  repository: file://../../keycloak
  version: 1.0.0
- name: kube-prometheus
  repository: file://../../kube-prometheus
  version: 1.0.0
digest: sha256:05b375fe9f4297b7a403ec0c05be68b495c94ebc53eea00a2718b08809bd1bdc
generated: "2026-04-20T01:06:46.2333317+08:00"
